
Microsoft Visual Studio Solution File, Format Version 12.00
Project("{FAE04EC0-301F-11D3-BF4B-00C04F79EFBC}") = "apbd_R", "apbd_R\apbd_R.csproj", "{C08434F4-77B7-47A5-98F5-BF11A007407C}"
EndProject
Global
	GlobalSection(SolutionConfigurationPlatforms) = preSolution
		Debug|Any CPU = Debug|Any CPU
		Release|Any CPU = Release|Any CPU
	EndGlobalSection
	GlobalSection(ProjectConfigurationPlatforms) = postSolution
		{C08434F4-77B7-47A5-98F5-BF11A007407C}.Debug|Any CPU.ActiveCfg = Debug|Any CPU
		{C08434F4-77B7-47A5-98F5-BF11A007407C}.Debug|Any CPU.Build.0 = Debug|Any CPU
		{C08434F4-77B7-47A5-98F5-BF11A007407C}.Release|Any CPU.ActiveCfg = Release|Any CPU
		{C08434F4-77B7-47A5-98F5-BF11A007407C}.Release|Any CPU.Build.0 = Release|Any CPU
	EndGlobalSection
EndGlobal
